
Microsoft Visual Studio Solution File, Format Version 12.00
# Visual Studio Version 17
VisualStudioVersion = 17.9.34728.123
MinimumVisualStudioVersion = 10.0.40219.1
Project("{9A19103F-16F7-4668-BE54-9A1E7A4F7556}") = "ClientPrefs", "ClientPrefs\ClientPrefs.csproj", "{C8700947-C9BA-47A6-B429-925B49982800}"
EndProject
Global
	GlobalSection(SolutionConfigurationPlatforms) = preSolution
		Debug|x64 = Debug|x64
		Release|x64 = Release|x64
	EndGlobalSection
	GlobalSection(ProjectConfigurationPlatforms) = postSolution
		{C8700947-C9BA-47A6-B429-925B49982800}.Debug|x64.ActiveCfg = Debug|x64
		{C8700947-C9BA-47A6-B429-925B49982800}.Debug|x64.Build.0 = Debug|x64
		{C8700947-C9BA-47A6-B429-925B49982800}.Release|x64.ActiveCfg = Release|x64
		{C8700947-C9BA-47A6-B429-925B49982800}.Release|x64.Build.0 = Release|x64
	EndGlobalSection
	GlobalSection(SolutionProperties) = preSolution
		HideSolutionNode = FALSE
	EndGlobalSection
	GlobalSection(ExtensibilityGlobals) = postSolution
		SolutionGuid = {6B2C2BB3-682B-45A2-B583-F8614F2C1165}
	EndGlobalSection
EndGlobal
